
Microsoft Visual Studio Solution File, Format Version 12.00
# Visual Studio Version 17
VisualStudioVersion = 17.10.34916.146
MinimumVisualStudioVersion = 10.0.40219.1
Project("{FAE04EC0-301F-11D3-BF4B-00C04F79EFBC}") = "BusinessTransactionsAccounting", "BusinessTransactionsAccounting\BusinessTransactionsAccounting.csproj", "{DBD6B725-42C3-4BD7-ACE6-7BEC033F553A}"
EndProject
Global
	GlobalSection(SolutionConfigurationPlatforms) = preSolution
		Debug|Any CPU = Debug|Any CPU
		Release|Any CPU = Release|Any CPU
	EndGlobalSection
	GlobalSection(ProjectConfigurationPlatforms) = postSolution
		{DBD6B725-42C3-4BD7-ACE6-7BEC033F553A}.Debug|Any CPU.ActiveCfg = Debug|Any CPU
		{DBD6B725-42C3-4BD7-ACE6-7BEC033F553A}.Debug|Any CPU.Build.0 = Debug|Any CPU
		{DBD6B725-42C3-4BD7-ACE6-7BEC033F553A}.Release|Any CPU.ActiveCfg = Release|Any CPU
		{DBD6B725-42C3-4BD7-ACE6-7BEC033F553A}.Release|Any CPU.Build.0 = Release|Any CPU
	EndGlobalSection
	GlobalSection(SolutionProperties) = preSolution
		HideSolutionNode = FALSE
	EndGlobalSection
	GlobalSection(ExtensibilityGlobals) = postSolution
		SolutionGuid = {6F4F04DA-64DF-4CD4-9A24-ADD29F845263}
	EndGlobalSection
EndGlobal
